
Microsoft Visual Studio Solution File, Format Version 12.00
# Visual Studio Version 17
VisualStudioVersion = 17.0.31903.59
MinimumVisualStudioVersion = 10.0.40219.1
Project("{FAE04EC0-301F-11D3-BF4B-00C04F79EFBC}") = "EventBus.Infrastructure", "EventBus.Infrastructure\EventBus.Infrastructure.csproj", "{5AE66508-0AF6-4C93-98CE-5D321D7F9B8B}"
EndProject
Project("{FAE04EC0-301F-11D3-BF4B-00C04F79EFBC}") = "EventBus.Platform.WebAPI", "EventBus.Platform.WebAPI\EventBus.Platform.WebAPI.csproj", "{8D47F34F-8900-454A-9530-33EC90045C30}"
EndProject
Project("{FAE04EC0-301F-11D3-BF4B-00C04F79EFBC}") = "EventBus.Platform.MessageDispatcher", "EventBus.Platform.MessageDispatcher\EventBus.Platform.MessageDispatcher.csproj", "{F8BBAB6E-8F3B-4C1A-85A5-110BE9CFCDFC}"
EndProject
Project("{FAE04EC0-301F-11D3-BF4B-00C04F79EFBC}") = "EventBus.Platform.TaskWorker", "EventBus.Platform.TaskWorker\EventBus.Platform.TaskWorker.csproj", "{E536921A-9F15-4B7F-A5B4-1637B72A14A7}"
EndProject
Global
	GlobalSection(SolutionConfigurationPlatforms) = preSolution
		Debug|Any CPU = Debug|Any CPU
		Debug|x64 = Debug|x64
		Debug|x86 = Debug|x86
		Release|Any CPU = Release|Any CPU
		Release|x64 = Release|x64
		Release|x86 = Release|x86
	EndGlobalSection
	GlobalSection(ProjectConfigurationPlatforms) = postSolution
		{5AE66508-0AF6-4C93-98CE-5D321D7F9B8B}.Debug|Any CPU.ActiveCfg = Debug|Any CPU
		{5AE66508-0AF6-4C93-98CE-5D321D7F9B8B}.Debug|Any CPU.Build.0 = Debug|Any CPU
		{5AE66508-0AF6-4C93-98CE-5D321D7F9B8B}.Debug|x64.ActiveCfg = Debug|Any CPU
		{5AE66508-0AF6-4C93-98CE-5D321D7F9B8B}.Debug|x64.Build.0 = Debug|Any CPU
		{5AE66508-0AF6-4C93-98CE-5D321D7F9B8B}.Debug|x86.ActiveCfg = Debug|Any CPU
		{5AE66508-0AF6-4C93-98CE-5D321D7F9B8B}.Debug|x86.Build.0 = Debug|Any CPU
		{5AE66508-0AF6-4C93-98CE-5D321D7F9B8B}.Release|Any CPU.ActiveCfg = Release|Any CPU
		{5AE66508-0AF6-4C93-98CE-5D321D7F9B8B}.Release|Any CPU.Build.0 = Release|Any CPU
		{5AE66508-0AF6-4C93-98CE-5D321D7F9B8B}.Release|x64.ActiveCfg = Release|Any CPU
		{5AE66508-0AF6-4C93-98CE-5D321D7F9B8B}.Release|x64.Build.0 = Release|Any CPU
		{5AE66508-0AF6-4C93-98CE-5D321D7F9B8B}.Release|x86.ActiveCfg = Release|Any CPU
		{5AE66508-0AF6-4C93-98CE-5D321D7F9B8B}.Release|x86.Build.0 = Release|Any CPU
		{8D47F34F-8900-454A-9530-33EC90045C30}.Debug|Any CPU.ActiveCfg = Debug|Any CPU
		{8D47F34F-8900-454A-9530-33EC90045C30}.Debug|Any CPU.Build.0 = Debug|Any CPU
		{8D47F34F-8900-454A-9530-33EC90045C30}.Debug|x64.ActiveCfg = Debug|Any CPU
		{8D47F34F-8900-454A-9530-33EC90045C30}.Debug|x64.Build.0 = Debug|Any CPU
		{8D47F34F-8900-454A-9530-33EC90045C30}.Debug|x86.ActiveCfg = Debug|Any CPU
		{8D47F34F-8900-454A-9530-33EC90045C30}.Debug|x86.Build.0 = Debug|Any CPU
		{8D47F34F-8900-454A-9530-33EC90045C30}.Release|Any CPU.ActiveCfg = Release|Any CPU
		{8D47F34F-8900-454A-9530-33EC90045C30}.Release|Any CPU.Build.0 = Release|Any CPU
		{8D47F34F-8900-454A-9530-33EC90045C30}.Release|x64.ActiveCfg = Release|Any CPU
		{8D47F34F-8900-454A-9530-33EC90045C30}.Release|x64.Build.0 = Release|Any CPU
		{8D47F34F-8900-454A-9530-33EC90045C30}.Release|x86.ActiveCfg = Release|Any CPU
		{8D47F34F-8900-454A-9530-33EC90045C30}.Release|x86.Build.0 = Release|Any CPU
		{F8BBAB6E-8F3B-4C1A-85A5-110BE9CFCDFC}.Debug|Any CPU.ActiveCfg = Debug|Any CPU
		{F8BBAB6E-8F3B-4C1A-85A5-110BE9CFCDFC}.Debug|Any CPU.Build.0 = Debug|Any CPU
		{F8BBAB6E-8F3B-4C1A-85A5-110BE9CFCDFC}.Debug|x64.ActiveCfg = Debug|Any CPU
		{F8BBAB6E-8F3B-4C1A-85A5-110BE9CFCDFC}.Debug|x64.Build.0 = Debug|Any CPU
		{F8BBAB6E-8F3B-4C1A-85A5-110BE9CFCDFC}.Debug|x86.ActiveCfg = Debug|Any CPU
		{F8BBAB6E-8F3B-4C1A-85A5-110BE9CFCDFC}.Debug|x86.Build.0 = Debug|Any CPU
		{F8BBAB6E-8F3B-4C1A-85A5-110BE9CFCDFC}.Release|Any CPU.ActiveCfg = Release|Any CPU
		{F8BBAB6E-8F3B-4C1A-85A5-110BE9CFCDFC}.Release|Any CPU.Build.0 = Release|Any CPU
		{F8BBAB6E-8F3B-4C1A-85A5-110BE9CFCDFC}.Release|x64.ActiveCfg = Release|Any CPU
		{F8BBAB6E-8F3B-4C1A-85A5-110BE9CFCDFC}.Release|x64.Build.0 = Release|Any CPU
		{F8BBAB6E-8F3B-4C1A-85A5-110BE9CFCDFC}.Release|x86.ActiveCfg = Release|Any CPU
		{F8BBAB6E-8F3B-4C1A-85A5-110BE9CFCDFC}.Release|x86.Build.0 = Release|Any CPU
		{E536921A-9F15-4B7F-A5B4-1637B72A14A7}.Debug|Any CPU.ActiveCfg = Debug|Any CPU
		{E536921A-9F15-4B7F-A5B4-1637B72A14A7}.Debug|Any CPU.Build.0 = Debug|Any CPU
		{E536921A-9F15-4B7F-A5B4-1637B72A14A7}.Debug|x64.ActiveCfg = Debug|Any CPU
		{E536921A-9F15-4B7F-A5B4-1637B72A14A7}.Debug|x64.Build.0 = Debug|Any CPU
		{E536921A-9F15-4B7F-A5B4-1637B72A14A7}.Debug|x86.ActiveCfg = Debug|Any CPU
		{E536921A-9F15-4B7F-A5B4-1637B72A14A7}.Debug|x86.Build.0 = Debug|Any CPU
		{E536921A-9F15-4B7F-A5B4-1637B72A14A7}.Release|Any CPU.ActiveCfg = Release|Any CPU
		{E536921A-9F15-4B7F-A5B4-1637B72A14A7}.Release|Any CPU.Build.0 = Release|Any CPU
		{E536921A-9F15-4B7F-A5B4-1637B72A14A7}.Release|x64.ActiveCfg = Release|Any CPU
		{E536921A-9F15-4B7F-A5B4-1637B72A14A7}.Release|x64.Build.0 = Release|Any CPU
		{E536921A-9F15-4B7F-A5B4-1637B72A14A7}.Release|x86.ActiveCfg = Release|Any CPU
		{E536921A-9F15-4B7F-A5B4-1637B72A14A7}.Release|x86.Build.0 = Release|Any CPU
	EndGlobalSection
	GlobalSection(SolutionProperties) = preSolution
		HideSolutionNode = FALSE
	EndGlobalSection
EndGlobal
